
Microsoft Visual Studio Solution File, Format Version 11.00
# Visual Studio 2010
Project("{FAE04EC0-301F-11D3-BF4B-00C04F79EFBC}") = "Aperea.Core", "Aperea.Core\Aperea.Core.csproj", "{90093D28-7D38-41D2-8250-DAD973A7788C}"
EndProject
Project("{FAE04EC0-301F-11D3-BF4B-00C04F79EFBC}") = "Aperea.MVC", "Aperea.MVC\Aperea.MVC.csproj", "{BE3C5256-9E34-4AFC-9CF7-357713544943}"
EndProject
Project("{FAE04EC0-301F-11D3-BF4B-00C04F79EFBC}") = "Aperea.Membership", "Aperea.Membership\Aperea.Membership.csproj", "{F40775FF-130B-4F76-BE4A-704173CBA04F}"
EndProject
Project("{FAE04EC0-301F-11D3-BF4B-00C04F79EFBC}") = "Aperea.Mail", "Aperea.Mail\Aperea.Mail.csproj", "{E6146512-6608-49E8-974C-D1414A23AA7A}"
EndProject
Project("{FAE04EC0-301F-11D3-BF4B-00C04F79EFBC}") = "Aperea.MemberShip.Specs", "Aperea.MemberShip.Specs\Aperea.MemberShip.Specs.csproj", "{19B7D05B-BDE9-4D9A-9D84-3626F3AB92DD}"
EndProject
Project("{FAE04EC0-301F-11D3-BF4B-00C04F79EFBC}") = "Aperea.Core.Specs", "Aperea.Core.Specs\Aperea.Core.Specs.csproj", "{CA173D94-05B3-47D1-BBCF-40AD795DB61B}"
EndProject
Project("{2150E333-8FDC-42A3-9474-1A3956D46DE8}") = "Specs", "Specs", "{C6FE1DA8-DFCF-4EFC-AB3C-A46ABF362BA8}"
EndProject
Project("{2150E333-8FDC-42A3-9474-1A3956D46DE8}") = "Solution Items", "Solution Items", "{E453BF02-3BD2-4810-814A-A054989F58B0}"
	ProjectSection(SolutionItems) = preProject
		FrameworkVersion.cs = FrameworkVersion.cs
	EndProjectSection
EndProject
Global
	GlobalSection(SolutionConfigurationPlatforms) = preSolution
		Debug|Any CPU = Debug|Any CPU
		Release|Any CPU = Release|Any CPU
	EndGlobalSection
	GlobalSection(ProjectConfigurationPlatforms) = postSolution
		{90093D28-7D38-41D2-8250-DAD973A7788C}.Debug|Any CPU.ActiveCfg = Debug|Any CPU
		{90093D28-7D38-41D2-8250-DAD973A7788C}.Debug|Any CPU.Build.0 = Debug|Any CPU
		{90093D28-7D38-41D2-8250-DAD973A7788C}.Release|Any CPU.ActiveCfg = Release|Any CPU
		{90093D28-7D38-41D2-8250-DAD973A7788C}.Release|Any CPU.Build.0 = Release|Any CPU
		{BE3C5256-9E34-4AFC-9CF7-357713544943}.Debug|Any CPU.ActiveCfg = Debug|Any CPU
		{BE3C5256-9E34-4AFC-9CF7-357713544943}.Debug|Any CPU.Build.0 = Debug|Any CPU
		{BE3C5256-9E34-4AFC-9CF7-357713544943}.Release|Any CPU.ActiveCfg = Release|Any CPU
		{BE3C5256-9E34-4AFC-9CF7-357713544943}.Release|Any CPU.Build.0 = Release|Any CPU
		{F40775FF-130B-4F76-BE4A-704173CBA04F}.Debug|Any CPU.ActiveCfg = Debug|Any CPU
		{F40775FF-130B-4F76-BE4A-704173CBA04F}.Debug|Any CPU.Build.0 = Debug|Any CPU
		{F40775FF-130B-4F76-BE4A-704173CBA04F}.Release|Any CPU.ActiveCfg = Release|Any CPU
		{F40775FF-130B-4F76-BE4A-704173CBA04F}.Release|Any CPU.Build.0 = Release|Any CPU
		{E6146512-6608-49E8-974C-D1414A23AA7A}.Debug|Any CPU.ActiveCfg = Debug|Any CPU
		{E6146512-6608-49E8-974C-D1414A23AA7A}.Debug|Any CPU.Build.0 = Debug|Any CPU
		{E6146512-6608-49E8-974C-D1414A23AA7A}.Release|Any CPU.ActiveCfg = Release|Any CPU
		{E6146512-6608-49E8-974C-D1414A23AA7A}.Release|Any CPU.Build.0 = Release|Any CPU
		{19B7D05B-BDE9-4D9A-9D84-3626F3AB92DD}.Debug|Any CPU.ActiveCfg = Debug|Any CPU
		{19B7D05B-BDE9-4D9A-9D84-3626F3AB92DD}.Debug|Any CPU.Build.0 = Debug|Any CPU
		{19B7D05B-BDE9-4D9A-9D84-3626F3AB92DD}.Release|Any CPU.ActiveCfg = Release|Any CPU
		{19B7D05B-BDE9-4D9A-9D84-3626F3AB92DD}.Release|Any CPU.Build.0 = Release|Any CPU
		{CA173D94-05B3-47D1-BBCF-40AD795DB61B}.Debug|Any CPU.ActiveCfg = Debug|Any CPU
		{CA173D94-05B3-47D1-BBCF-40AD795DB61B}.Debug|Any CPU.Build.0 = Debug|Any CPU
		{CA173D94-05B3-47D1-BBCF-40AD795DB61B}.Release|Any CPU.ActiveCfg = Release|Any CPU
		{CA173D94-05B3-47D1-BBCF-40AD795DB61B}.Release|Any CPU.Build.0 = Release|Any CPU
	EndGlobalSection
	GlobalSection(SolutionProperties) = preSolution
		HideSolutionNode = FALSE
	EndGlobalSection
	GlobalSection(NestedProjects) = preSolution
		{CA173D94-05B3-47D1-BBCF-40AD795DB61B} = {C6FE1DA8-DFCF-4EFC-AB3C-A46ABF362BA8}
		{19B7D05B-BDE9-4D9A-9D84-3626F3AB92DD} = {C6FE1DA8-DFCF-4EFC-AB3C-A46ABF362BA8}
	EndGlobalSection
EndGlobal
